// !$*UTF8*$!
{
	archiveVersion = 1;
	classes = {
	};
	objectVersion = 50;
	objects = {

/* Begin PBXBuildFile section */
		4C3BDD7C23C38E3F006BBE87 /* AppDelegate.swift in Sources */ = {isa = PBXBuildFile; fileRef = 4C3BDD7B23C38E3F006BBE87 /* AppDelegate.swift */; };
		4C3BDD7E23C38E3F006BBE87 /* SceneDelegate.swift in Sources */ = {isa = PBXBuildFile; fileRef = 4C3BDD7D23C38E3F006BBE87 /* SceneDelegate.swift */; };
		4C3BDD8023C38E3F006BBE87 /* ContentView.swift in Sources */ = {isa = PBXBuildFile; fileRef = 4C3BDD7F23C38E3F006BBE87 /* ContentView.swift */; };
		4C3BDD8223C38E3F006BBE87 /* Assets.xcassets in Resources */ = {isa = PBXBuildFile; fileRef = 4C3BDD8123C38E3F006BBE87 /* Assets.xcassets */; };
		4C3BDD8523C38E3F006BBE87 /* Preview Assets.xcassets in Resources */ = {isa = PBXBuildFile; fileRef = 4C3BDD8423C38E3F006BBE87 /* Preview Assets.xcassets */; };
		4C3BDD8823C38E3F006BBE87 /* LaunchScreen.storyboard in Resources */ = {isa = PBXBuildFile; fileRef = 4C3BDD8623C38E3F006BBE87 /* LaunchScreen.storyboard */; };
		4C3BDD9323C38E3F006BBE87 /* MyDashboardTests.swift in Sources */ = {isa = PBXBuildFile; fileRef = 4C3BDD9223C38E3F006BBE87 /* MyDashboardTests.swift */; };
		4C3BDD9E23C38E40006BBE87 /* MyDashboardUITests.swift in Sources */ = {isa = PBXBuildFile; fileRef = 4C3BDD9D23C38E40006BBE87 /* MyDashboardUITests.swift */; };
/* End PBXBuildFile section */

/* Begin PBXContainerItemProxy section */
		4C3BDD8F23C38E3F006BBE87 /* PBXContainerItemProxy */ = {
			isa = PBXContainerItemProxy;
			containerPortal = 4C3BDD7023C38E3F006BBE87 /* Project object */;
			proxyType = 1;
			remoteGlobalIDString = 4C3BDD7723C38E3F006BBE87;
			remoteInfo = MyDashboard;
		};
		4C3BDD9A23C38E40006BBE87 /* PBXContainerItemProxy */ = {
			isa = PBXContainerItemProxy;
			containerPortal = 4C3BDD7023C38E3F006BBE87 /* Project object */;
			proxyType = 1;
			remoteGlobalIDString = 4C3BDD7723C38E3F006BBE87;
			remoteInfo = MyDashboard;
		};
/* End PBXContainerItemProxy section */

/* Begin PBXFileReference section */
		4C3BDD7823C38E3F006BBE87 /* MyDashboard.app */ = {isa = PBXFileReference; explicitFileType = wrapper.application; includeInIndex = 0; path = MyDashboard.app; sourceTree = BUILT_PRODUCTS_DIR; };
		4C3BDD7B23C38E3F006BBE87 /* AppDelegate.swift */ = {isa = PBXFileReference; lastKnownFileType = sourcecode.swift; path = AppDelegate.swift; sourceTree = "<group>"; };
		4C3BDD7D23C38E3F006BBE87 /* SceneDelegate.swift */ = {isa = PBXFileReference; lastKnownFileType = sourcecode.swift; path = SceneDelegate.swift; sourceTree = "<group>"; };
		4C3BDD7F23C38E3F006BBE87 /* ContentView.swift */ = {isa = PBXFileReference; lastKnownFileType = sourcecode.swift; path = ContentView.swift; sourceTree = "<group>"; };
		4C3BDD8123C38E3F006BBE87 /* Assets.xcassets */ = {isa = PBXFileReference; lastKnownFileType = folder.assetcatalog; path = Assets.xcassets; sourceTree = "<group>"; };
		4C3BDD8423C38E3F006BBE87 /* Preview Assets.xcassets */ = {isa = PBXFileReference; lastKnownFileType = folder.assetcatalog; path = "Preview Assets.xcassets"; sourceTree = "<group>"; };
		4C3BDD8723C38E3F006BBE87 /* Base */ = {isa = PBXFileReference; lastKnownFileType = file.storyboard; name = Base; path = Base.lproj/LaunchScreen.storyboard; sourceTree = "<group>"; };
		4C3BDD8923C38E3F006BBE87 /* Info.plist */ = {isa = PBXFileReference; lastKnownFileType = text.plist.xml; path = Info.plist; sourceTree = "<group>"; };
		4C3BDD8E23C38E3F006BBE87 /* MyDashboardTests.xctest */ = {isa = PBXFileReference; explicitFileType = wrapper.cfbundle; includeInIndex = 0; path = MyDashboardTests.xctest; sourceTree = BUILT_PRODUCTS_DIR; };
		4C3BDD9223C38E3F006BBE87 /* MyDashboardTests.swift */ = {isa = PBXFileReference; lastKnownFileType = sourcecode.swift; path = MyDashboardTests.swift; sourceTree = "<group>"; };
		4C3BDD9423C38E3F006BBE87 /* Info.plist */ = {isa = PBXFileReference; lastKnownFileType = text.plist.xml; path = Info.plist; sourceTree = "<group>"; };
		4C3BDD9923C38E40006BBE87 /* MyDashboardUITests.xctest */ = {isa = PBXFileReference; explicitFileType = wrapper.cfbundle; includeInIndex = 0; path = MyDashboardUITests.xctest; sourceTree = BUILT_PRODUCTS_DIR; };
		4C3BDD9D23C38E40006BBE87 /* MyDashboardUITests.swift */ = {isa = PBXFileReference; lastKnownFileType = sourcecode.swift; path = MyDashboardUITests.swift; sourceTree = "<group>"; };
		4C3BDD9F23C38E40006BBE87 /* Info.plist */ = {isa = PBXFileReference; lastKnownFileType = text.plist.xml; path = Info.plist; sourceTree = "<group>"; };
/* End PBXFileReference section */

/* Begin PBXFrameworksBuildPhase section */
		4C3BDD7523C38E3F006BBE87 /* Frameworks */ = {
			isa = PBXFrameworksBuildPhase;
			buildActionMask = 2147483647;
			files = (
			);
			runOnlyForDeploymentPostprocessing = 0;
		};
		4C3BDD8B23C38E3F006BBE87 /* Frameworks */ = {
			isa = PBXFrameworksBuildPhase;
			buildActionMask = 2147483647;
			files = (
			);
			runOnlyForDeploymentPostprocessing = 0;
		};
		4C3BDD9623C38E40006BBE87 /* Frameworks */ = {
			isa = PBXFrameworksBuildPhase;
			buildActionMask = 2147483647;
			files = (
			);
			runOnlyForDeploymentPostprocessing = 0;
		};
/* End PBXFrameworksBuildPhase section */

/* Begin PBXGroup section */
		4C3BDD6F23C38E3F006BBE87 = {
			isa = PBXGroup;
			children = (
				4C3BDD7A23C38E3F006BBE87 /* MyDashboard */,
				4C3BDD9123C38E3F006BBE87 /* MyDashboardTests */,
				4C3BDD9C23C38E40006BBE87 /* MyDashboardUITests */,
				4C3BDD7923C38E3F006BBE87 /* Products */,
			);
			sourceTree = "<group>";
		};
		4C3BDD7923C38E3F006BBE87 /* Products */ = {
			isa = PBXGroup;
			children = (
				4C3BDD7823C38E3F006BBE87 /* MyDashboard.app */,
				4C3BDD8E23C38E3F006BBE87 /* MyDashboardTests.xctest */,
				4C3BDD9923C38E40006BBE87 /* MyDashboardUITests.xctest */,
			);
			name = Products;
			sourceTree = "<group>";
		};
		4C3BDD7A23C38E3F006BBE87 /* MyDashboard */ = {
			isa = PBXGroup;
			children = (
				4C3BDD7B23C38E3F006BBE87 /* AppDelegate.swift */,
				4C3BDD7D23C38E3F006BBE87 /* SceneDelegate.swift */,
				4C3BDD7F23C38E3F006BBE87 /* ContentView.swift */,
				4C3BDD8123C38E3F006BBE87 /* Assets.xcassets */,
				4C3BDD8623C38E3F006BBE87 /* LaunchScreen.storyboard */,
				4C3BDD8923C38E3F006BBE87 /* Info.plist */,
				4C3BDD8323C38E3F006BBE87 /* Preview Content */,
			);
			path = MyDashboard;
			sourceTree = "<group>";
		};
		4C3BDD8323C38E3F006BBE87 /* Preview Content */ = {
			isa = PBXGroup;
			children = (
				4C3BDD8423C38E3F006BBE87 /* Preview Assets.xcassets */,
			);
			path = "Preview Content";
			sourceTree = "<group>";
		};
		4C3BDD9123C38E3F006BBE87 /* MyDashboardTests */ = {
			isa = PBXGroup;
			children = (
				4C3BDD9223C38E3F006BBE87 /* MyDashboardTests.swift */,
				4C3BDD9423C38E3F006BBE87 /* Info.plist */,
			);
			path = MyDashboardTests;
			sourceTree = "<group>";
		};
		4C3BDD9C23C38E40006BBE87 /* MyDashboardUITests */ = {
			isa = PBXGroup;
			children = (
				4C3BDD9D23C38E40006BBE87 /* MyDashboardUITests.swift */,
				4C3BDD9F23C38E40006BBE87 /* Info.plist */,
			);
			path = MyDashboardUITests;
			sourceTree = "<group>";
		};
/* End PBXGroup section */

/* Begin PBXNativeTarget section */
		4C3BDD7723C38E3F006BBE87 /* MyDashboard */ = {
			isa = PBXNativeTarget;
			buildConfigurationList = 4C3BDDA223C38E40006BBE87 /* Build configuration list for PBXNativeTarget "MyDashboard" */;
			buildPhases = (
				4C3BDD7423C38E3F006BBE87 /* Sources */,
				4C3BDD7523C38E3F006BBE87 /* Frameworks */,
				4C3BDD7623C38E3F006BBE87 /* Resources */,
			);
			buildRules = (
			);
			dependencies = (
			);
			name = MyDashboard;
			productName = MyDashboard;
			productReference = 4C3BDD7823C38E3F006BBE87 /* MyDashboard.app */;
			productType = "com.apple.product-type.application";
		};
		4C3BDD8D23C38E3F006BBE87 /* MyDashboardTests */ = {
			isa = PBXNativeTarget;
			buildConfigurationList = 4C3BDDA523C38E40006BBE87 /* Build configuration list for PBXNativeTarget "MyDashboardTests" */;
			buildPhases = (
				4C3BDD8A23C38E3F006BBE87 /* Sources */,
				4C3BDD8B23C38E3F006BBE87 /* Frameworks */,
				4C3BDD8C23C38E3F006BBE87 /* Resources */,
			);
			buildRules = (
			);
			dependencies = (
				4C3BDD9023C38E3F006BBE87 /* PBXTargetDependency */,
			);
			name = MyDashboardTests;
			productName = MyDashboardTests;
			productReference = 4C3BDD8E23C38E3F006BBE87 /* MyDashboardTests.xctest */;
			productType = "com.apple.product-type.bundle.unit-test";
		};
		4C3BDD9823C38E40006BBE87 /* MyDashboardUITests */ = {
			isa = PBXNativeTarget;
			buildConfigurationList = 4C3BDDA823C38E40006BBE87 /* Build configuration list for PBXNativeTarget "MyDashboardUITests" */;
			buildPhases = (
				4C3BDD9523C38E40006BBE87 /* Sources */,
				4C3BDD9623C38E40006BBE87 /* Frameworks */,
				4C3BDD9723C38E40006BBE87 /* Resources */,
			);
			buildRules = (
			);
			dependencies = (
				4C3BDD9B23C38E40006BBE87 /* PBXTargetDependency */,
			);
			name = MyDashboardUITests;
			productName = MyDashboardUITests;
			productReference = 4C3BDD9923C38E40006BBE87 /* MyDashboardUITests.xctest */;
			productType = "com.apple.product-type.bundle.ui-testing";
		};
/* End PBXNativeTarget section */

/* Begin PBXProject section */
		4C3BDD7023C38E3F006BBE87 /* Project object */ = {
			isa = PBXProject;
			attributes = {
				LastSwiftUpdateCheck = 1130;
				LastUpgradeCheck = 1130;
				ORGANIZATIONNAME = "Damiano Pugliesi";
				TargetAttributes = {
					4C3BDD7723C38E3F006BBE87 = {
						CreatedOnToolsVersion = 11.3;
					};
					4C3BDD8D23C38E3F006BBE87 = {
						CreatedOnToolsVersion = 11.3;
						TestTargetID = 4C3BDD7723C38E3F006BBE87;
					};
					4C3BDD9823C38E40006BBE87 = {
						CreatedOnToolsVersion = 11.3;
						TestTargetID = 4C3BDD7723C38E3F006BBE87;
					};
				};
			};
			buildConfigurationList = 4C3BDD7323C38E3F006BBE87 /* Build configuration list for PBXProject "MyDashboard" */;
			compatibilityVersion = "Xcode 9.3";
			developmentRegion = en;
			hasScannedForEncodings = 0;
			knownRegions = (
				en,
				Base,
			);
			mainGroup = 4C3BDD6F23C38E3F006BBE87;
			productRefGroup = 4C3BDD7923C38E3F006BBE87 /* Products */;
			projectDirPath = "";
			projectRoot = "";
			targets = (
				4C3BDD7723C38E3F006BBE87 /* MyDashboard */,
				4C3BDD8D23C38E3F006BBE87 /* MyDashboardTests */,
				4C3BDD9823C38E40006BBE87 /* MyDashboardUITests */,
			);
		};
/* End PBXProject section */

/* Begin PBXResourcesBuildPhase section */
		4C3BDD7623C38E3F006BBE87 /* Resources */ = {
			isa = PBXResourcesBuildPhase;
			buildActionMask = 2147483647;
			files = (
				4C3BDD8823C38E3F006BBE87 /* LaunchScreen.storyboard in Resources */,
				4C3BDD8523C38E3F006BBE87 /* Preview Assets.xcassets in Resources */,
				4C3BDD8223C38E3F006BBE87 /* Assets.xcassets in Resources */,
			);
			runOnlyForDeploymentPostprocessing = 0;
		};
		4C3BDD8C23C38E3F006BBE87 /* Resources */ = {
			isa = PBXResourcesBuildPhase;
			buildActionMask = 2147483647;
			files = (
			);
			runOnlyForDeploymentPostprocessing = 0;
		};
		4C3BDD9723C38E40006BBE87 /* Resources */ = {
			isa = PBXResourcesBuildPhase;
			buildActionMask = 2147483647;
			files = (
			);
			runOnlyForDeploymentPostprocessing = 0;
		};
/* End PBXResourcesBuildPhase section */

/* Begin PBXSourcesBuildPhase section */
		4C3BDD7423C38E3F006BBE87 /* Sources */ = {
			isa = PBXSourcesBuildPhase;
			buildActionMask = 2147483647;
			files = (
				4C3BDD7C23C38E3F006BBE87 /* AppDelegate.swift in Sources */,
				4C3BDD7E23C38E3F006BBE87 /* SceneDelegate.swift in Sources */,
				4C3BDD8023C38E3F006BBE87 /* ContentView.swift in Sources */,
			);
			runOnlyForDeploymentPostprocessing = 0;
		};
		4C3BDD8A23C38E3F006BBE87 /* Sources */ = {
			isa = PBXSourcesBuildPhase;
			buildActionMask = 2147483647;
			files = (
				4C3BDD9323C38E3F006BBE87 /* MyDashboardTests.swift in Sources */,
			);
			runOnlyForDeploymentPostprocessing = 0;
		};
		4C3BDD9523C38E40006BBE87 /* Sources */ = {
			isa = PBXSourcesBuildPhase;
			buildActionMask = 2147483647;
			files = (
				4C3BDD9E23C38E40006BBE87 /* MyDashboardUITests.swift in Sources */,
			);
			runOnlyForDeploymentPostprocessing = 0;
		};
/* End PBXSourcesBuildPhase section */

/* Begin PBXTargetDependency section */
		4C3BDD9023C38E3F006BBE87 /* PBXTargetDependency */ = {
			isa = PBXTargetDependency;
			target = 4C3BDD7723C38E3F006BBE87 /* MyDashboard */;
			targetProxy = 4C3BDD8F23C38E3F006BBE87 /* PBXContainerItemProxy */;
		};
		4C3BDD9B23C38E40006BBE87 /* PBXTargetDependency */ = {
			isa = PBXTargetDependency;
			target = 4C3BDD7723C38E3F006BBE87 /* MyDashboard */;
			targetProxy = 4C3BDD9A23C38E40006BBE87 /* PBXContainerItemProxy */;
		};
/* End PBXTargetDependency section */

/* Begin PBXVariantGroup section */
		4C3BDD8623C38E3F006BBE87 /* LaunchScreen.storyboard */ = {
			isa = PBXVariantGroup;
			children = (
				4C3BDD8723C38E3F006BBE87 /* Base */,
			);
			name = LaunchScreen.storyboard;
			sourceTree = "<group>";
		};
/* End PBXVariantGroup section */

/* Begin XCBuildConfiguration section */
		4C3BDDA023C38E40006BBE87 /* Debug */ = {
			isa = XCBuildConfiguration;
			buildSettings = {
				ALWAYS_SEARCH_USER_PATHS = NO;
				CLANG_ANALYZER_NONNULL = YES;
				CLANG_ANALYZER_NUMBER_OBJECT_CONVERSION = YES_AGGRESSIVE;
				CLANG_CXX_LANGUAGE_STANDARD = "gnu++14";
				CLANG_CXX_LIBRARY = "libc++";
				CLANG_ENABLE_MODULES = YES;
				CLANG_ENABLE_OBJC_ARC = YES;
				CLANG_ENABLE_OBJC_WEAK = YES;
				CLANG_WARN_BLOCK_CAPTURE_AUTORELEASING = YES;
				CLANG_WARN_BOOL_CONVERSION = YES;
				CLANG_WARN_COMMA = YES;
				CLANG_WARN_CONSTANT_CONVERSION = YES;
				CLANG_WARN_DEPRECATED_OBJC_IMPLEMENTATIONS = YES;
				CLANG_WARN_DIRECT_OBJC_ISA_USAGE = YES_ERROR;
				CLANG_WARN_DOCUMENTATION_COMMENTS = YES;
				CLANG_WARN_EMPTY_BODY = YES;
				CLANG_WARN_ENUM_CONVERSION = YES;
				CLANG_WARN_INFINITE_RECURSION = YES;
				CLANG_WARN_INT_CONVERSION = YES;
				CLANG_WARN_NON_LITERAL_NULL_CONVERSION = YES;
				CLANG_WARN_OBJC_IMPLICIT_RETAIN_SELF = YES;
				CLANG_WARN_OBJC_LITERAL_CONVERSION = YES;
				CLANG_WARN_OBJC_ROOT_CLASS = YES_ERROR;
				CLANG_WARN_RANGE_LOOP_ANALYSIS = YES;
				CLANG_WARN_STRICT_PROTOTYPES = YES;
				CLANG_WARN_SUSPICIOUS_MOVE = YES;
				CLANG_WARN_UNGUARDED_AVAILABILITY = YES_AGGRESSIVE;
				CLANG_WARN_UNREACHABLE_CODE = YES;
				CLANG_WARN__DUPLICATE_METHOD_MATCH = YES;
				COPY_PHASE_STRIP = NO;
				DEBUG_INFORMATION_FORMAT = dwarf;
				ENABLE_STRICT_OBJC_MSGSEND = YES;
				ENABLE_TESTABILITY = YES;
				GCC_C_LANGUAGE_STANDARD = gnu11;
				GCC_DYNAMIC_NO_PIC = NO;
				GCC_NO_COMMON_BLOCKS = YES;
				GCC_OPTIMIZATION_LEVEL = 0;
				GCC_PREPROCESSOR_DEFINITIONS = (
					"DEBUG=1",
					"$(inherited)",
				);
				GCC_WARN_64_TO_32_BIT_CONVERSION = YES;
				GCC_WARN_ABOUT_RETURN_TYPE = YES_ERROR;
				GCC_WARN_UNDECLARED_SELECTOR = YES;
				GCC_WARN_UNINITIALIZED_AUTOS = YES_AGGRESSIVE;
				GCC_WARN_UNUSED_FUNCTION = YES;
				GCC_WARN_UNUSED_VARIABLE = YES;
				IPHONEOS_DEPLOYMENT_TARGET = 13.2;
				MTL_ENABLE_DEBUG_INFO = INCLUDE_SOURCE;
				MTL_FAST_MATH = YES;
				ONLY_ACTIVE_ARCH = YES;
				SDKROOT = iphoneos;
				SWIFT_ACTIVE_COMPILATION_CONDITIONS = DEBUG;
				SWIFT_OPTIMIZATION_LEVEL = "-Onone";
			};
			name = Debug;
		};
		4C3BDDA123C38E40006BBE87 /* Release */ = {
			isa = XCBuildConfiguration;
			buildSettings = {
				ALWAYS_SEARCH_USER_PATHS = NO;
				CLANG_ANALYZER_NONNULL = YES;
				CLANG_ANALYZER_NUMBER_OBJECT_CONVERSION = YES_AGGRESSIVE;
				CLANG_CXX_LANGUAGE_STANDARD = "gnu++14";
				CLANG_CXX_LIBRARY = "libc++";
				CLANG_ENABLE_MODULES = YES;
				CLANG_ENABLE_OBJC_ARC = YES;
				CLANG_ENABLE_OBJC_WEAK = YES;
				CLANG_WARN_BLOCK_CAPTURE_AUTORELEASING = YES;
				CLANG_WARN_BOOL_CONVERSION = YES;
				CLANG_WARN_COMMA = YES;
				CLANG_WARN_CONSTANT_CONVERSION = YES;
				CLANG_WARN_DEPRECATED_OBJC_IMPLEMENTATIONS = YES;
				CLANG_WARN_DIRECT_OBJC_ISA_USAGE = YES_ERROR;
				CLANG_WARN_DOCUMENTATION_COMMENTS = YES;
				CLANG_WARN_EMPTY_BODY = YES;
				CLANG_WARN_ENUM_CONVERSION = YES;
				CLANG_WARN_INFINITE_RECURSION = YES;
				CLANG_WARN_INT_CONVERSION = YES;
				CLANG_WARN_NON_LITERAL_NULL_CONVERSION = YES;
				CLANG_WARN_OBJC_IMPLICIT_RETAIN_SELF = YES;
				CLANG_WARN_OBJC_LITERAL_CONVERSION = YES;
				CLANG_WARN_OBJC_ROOT_CLASS = YES_ERROR;
				CLANG_WARN_RANGE_LOOP_ANALYSIS = YES;
				CLANG_WARN_STRICT_PROTOTYPES = YES;
				CLANG_WARN_SUSPICIOUS_MOVE = YES;
				CLANG_WARN_UNGUARDED_AVAILABILITY = YES_AGGRESSIVE;
				CLANG_WARN_UNREACHABLE_CODE = YES;
				CLANG_WARN__DUPLICATE_METHOD_MATCH = YES;
				COPY_PHASE_STRIP = NO;
				DEBUG_INFORMATION_FORMAT = "dwarf-with-dsym";
				ENABLE_NS_ASSERTIONS = NO;
				ENABLE_STRICT_OBJC_MSGSEND = YES;
				GCC_C_LANGUAGE_STANDARD = gnu11;
				GCC_NO_COMMON_BLOCKS = YES;
				GCC_WARN_64_TO_32_BIT_CONVERSION = YES;
				GCC_WARN_ABOUT_RETURN_TYPE = YES_ERROR;
				GCC_WARN_UNDECLARED_SELECTOR = YES;
				GCC_WARN_UNINITIALIZED_AUTOS = YES_AGGRESSIVE;
				GCC_WARN_UNUSED_FUNCTION = YES;
				GCC_WARN_UNUSED_VARIABLE = YES;
				IPHONEOS_DEPLOYMENT_TARGET = 13.2;
				MTL_ENABLE_DEBUG_INFO = NO;
				MTL_FAST_MATH = YES;
				SDKROOT = iphoneos;
				SWIFT_COMPILATION_MODE = wholemodule;
				SWIFT_OPTIMIZATION_LEVEL = "-O";
				VALIDATE_PRODUCT = YES;
			};
			name = Release;
		};
		4C3BDDA323C38E40006BBE87 /* Debug */ = {
			isa = XCBuildConfiguration;
			buildSettings = {
				ASSETCATALOG_COMPILER_APPICON_NAME = AppIcon;
				CODE_SIGN_STYLE = Automatic;
				DEVELOPMENT_ASSET_PATHS = "\"MyDashboard/Preview Content\"";
				DEVELOPMENT_TEAM = SKWQ4KG5K7;
				ENABLE_PREVIEWS = YES;
				INFOPLIST_FILE = MyDashboard/Info.plist;
				LD_RUNPATH_SEARCH_PATHS = (
					"$(inherited)",
					"@executable_path/Frameworks",
				);
				PRODUCT_BUNDLE_IDENTIFIER = DamianoPugliesi.MyDashboard;
				PRODUCT_NAME = "$(TARGET_NAME)";
				SWIFT_VERSION = 5.0;
				TARGETED_DEVICE_FAMILY = "1,2";
			};
			name = Debug;
		};
		4C3BDDA423C38E40006BBE87 /* Release */ = {
			isa = XCBuildConfiguration;
			buildSettings = {
				ASSETCATALOG_COMPILER_APPICON_NAME = AppIcon;
				CODE_SIGN_STYLE = Automatic;
				DEVELOPMENT_ASSET_PATHS = "\"MyDashboard/Preview Content\"";
				DEVELOPMENT_TEAM = SKWQ4KG5K7;
				ENABLE_PREVIEWS = YES;
				INFOPLIST_FILE = MyDashboard/Info.plist;
				LD_RUNPATH_SEARCH_PATHS = (
					"$(inherited)",
					"@executable_path/Frameworks",
				);
				PRODUCT_BUNDLE_IDENTIFIER = DamianoPugliesi.MyDashboard;
				PRODUCT_NAME = "$(TARGET_NAME)";
				SWIFT_VERSION = 5.0;
				TARGETED_DEVICE_FAMILY = "1,2";
			};
			name = Release;
		};
		4C3BDDA623C38E40006BBE87 /* Debug */ = {
			isa = XCBuildConfiguration;
			buildSettings = {
				ALWAYS_EMBED_SWIFT_STANDARD_LIBRARIES = YES;
				BUNDLE_LOADER = "$(TEST_HOST)";
				CODE_SIGN_STYLE = Automatic;
				DEVELOPMENT_TEAM = SKWQ4KG5K7;
				INFOPLIST_FILE = MyDashboardTests/Info.plist;
				IPHONEOS_DEPLOYMENT_TARGET = 13.2;
				LD_RUNPATH_SEARCH_PATHS = (
					"$(inherited)",
					"@executable_path/Frameworks",
					"@loader_path/Frameworks",
				);
				PRODUCT_BUNDLE_IDENTIFIER = DamianoPugliesi.MyDashboardTests;
				PRODUCT_NAME = "$(TARGET_NAME)";
				SWIFT_VERSION = 5.0;
				TARGETED_DEVICE_FAMILY = "1,2";
				TEST_HOST = "$(BUILT_PRODUCTS_DIR)/MyDashboard.app/MyDashboard";
			};
			name = Debug;
		};
		4C3BDDA723C38E40006BBE87 /* Release */ = {
			isa = XCBuildConfiguration;
			buildSettings = {
				ALWAYS_EMBED_SWIFT_STANDARD_LIBRARIES = YES;
				BUNDLE_LOADER = "$(TEST_HOST)";
				CODE_SIGN_STYLE = Automatic;
				DEVELOPMENT_TEAM = SKWQ4KG5K7;
				INFOPLIST_FILE = MyDashboardTests/Info.plist;
				IPHONEOS_DEPLOYMENT_TARGET = 13.2;
				LD_RUNPATH_SEARCH_PATHS = (
					"$(inherited)",
					"@executable_path/Frameworks",
					"@loader_path/Frameworks",
				);
				PRODUCT_BUNDLE_IDENTIFIER = DamianoPugliesi.MyDashboardTests;
				PRODUCT_NAME = "$(TARGET_NAME)";
				SWIFT_VERSION = 5.0;
				TARGETED_DEVICE_FAMILY = "1,2";
				TEST_HOST = "$(BUILT_PRODUCTS_DIR)/MyDashboard.app/MyDashboard";
			};
			name = Release;
		};
		4C3BDDA923C38E40006BBE87 /* Debug */ = {
			isa = XCBuildConfiguration;
			buildSettings = {
				ALWAYS_EMBED_SWIFT_STANDARD_LIBRARIES = YES;
				CODE_SIGN_STYLE = Automatic;
				DEVELOPMENT_TEAM = SKWQ4KG5K7;
				INFOPLIST_FILE = MyDashboardUITests/Info.plist;
				LD_RUNPATH_SEARCH_PATHS = (
					"$(inherited)",
					"@executable_path/Frameworks",
					"@loader_path/Frameworks",
				);
				PRODUCT_BUNDLE_IDENTIFIER = DamianoPugliesi.MyDashboardUITests;
				PRODUCT_NAME = "$(TARGET_NAME)";
				SWIFT_VERSION = 5.0;
				TARGETED_DEVICE_FAMILY = "1,2";
				TEST_TARGET_NAME = MyDashboard;
			};
			name = Debug;
		};
		4C3BDDAA23C38E40006BBE87 /* Release */ = {
			isa = XCBuildConfiguration;
			buildSettings = {
				ALWAYS_EMBED_SWIFT_STANDARD_LIBRARIES = YES;
				CODE_SIGN_STYLE = Automatic;
				DEVELOPMENT_TEAM = SKWQ4KG5K7;
				INFOPLIST_FILE = MyDashboardUITests/Info.plist;
				LD_RUNPATH_SEARCH_PATHS = (
					"$(inherited)",
					"@executable_path/Frameworks",
					"@loader_path/Frameworks",
				);
				PRODUCT_BUNDLE_IDENTIFIER = DamianoPugliesi.MyDashboardUITests;
				PRODUCT_NAME = "$(TARGET_NAME)";
				SWIFT_VERSION = 5.0;
				TARGETED_DEVICE_FAMILY = "1,2";
				TEST_TARGET_NAME = MyDashboard;
			};
			name = Release;
		};
/* End XCBuildConfiguration section */

/* Begin XCConfigurationList section */
		4C3BDD7323C38E3F006BBE87 /* Build configuration list for PBXProject "MyDashboard" */ = {
			isa = XCConfigurationList;
			buildConfigurations = (
				4C3BDDA023C38E40006BBE87 /* Debug */,
				4C3BDDA123C38E40006BBE87 /* Release */,
			);
			defaultConfigurationIsVisible = 0;
			defaultConfigurationName = Release;
		};
		4C3BDDA223C38E40006BBE87 /* Build configuration list for PBXNativeTarget "MyDashboard" */ = {
			isa = XCConfigurationList;
			buildConfigurations = (
				4C3BDDA323C38E40006BBE87 /* Debug */,
				4C3BDDA423C38E40006BBE87 /* Release */,
			);
			defaultConfigurationIsVisible = 0;
			defaultConfigurationName = Release;
		};
		4C3BDDA523C38E40006BBE87 /* Build configuration list for PBXNativeTarget "MyDashboardTests" */ = {
			isa = XCConfigurationList;
			buildConfigurations = (
				4C3BDDA623C38E40006BBE87 /* Debug */,
				4C3BDDA723C38E40006BBE87 /* Release */,
			);
			defaultConfigurationIsVisible = 0;
			defaultConfigurationName = Release;
		};
		4C3BDDA823C38E40006BBE87 /* Build configuration list for PBXNativeTarget "MyDashboardUITests" */ = {
			isa = XCConfigurationList;
			buildConfigurations = (
				4C3BDDA923C38E40006BBE87 /* Debug */,
				4C3BDDAA23C38E40006BBE87 /* Release */,
			);
			defaultConfigurationIsVisible = 0;
			defaultConfigurationName = Release;
		};
/* End XCConfigurationList section */
	};
	rootObject = 4C3BDD7023C38E3F006BBE87 /* Project object */;
}
